
Microsoft Visual Studio Solution File, Format Version 12.00
# Visual Studio Version 16
VisualStudioVersion = 16.0.30503.244
MinimumVisualStudioVersion = 10.0.40219.1
Project("{FAE04EC0-301F-11D3-BF4B-00C04F79EFBC}") = "Desenvolvedor-DiscursivaEspecifica", "Desenvolvedor-DiscursivaEspecifica\Desenvolvedor-DiscursivaEspecifica.csproj", "{28902EB3-7558-4B51-BE23-2ADB5C927035}"
EndProject
Global
	GlobalSection(SolutionConfigurationPlatforms) = preSolution
		Debug|Any CPU = Debug|Any CPU
		Release|Any CPU = Release|Any CPU
	EndGlobalSection
	GlobalSection(ProjectConfigurationPlatforms) = postSolution
		{28902EB3-7558-4B51-BE23-2ADB5C927035}.Debug|Any CPU.ActiveCfg = Debug|Any CPU
		{28902EB3-7558-4B51-BE23-2ADB5C927035}.Debug|Any CPU.Build.0 = Debug|Any CPU
		{28902EB3-7558-4B51-BE23-2ADB5C927035}.Release|Any CPU.ActiveCfg = Release|Any CPU
		{28902EB3-7558-4B51-BE23-2ADB5C927035}.Release|Any CPU.Build.0 = Release|Any CPU
	EndGlobalSection
	GlobalSection(SolutionProperties) = preSolution
		HideSolutionNode = FALSE
	EndGlobalSection
	GlobalSection(ExtensibilityGlobals) = postSolution
		SolutionGuid = {81734D40-41EA-418B-87DA-6969B32F2123}
	EndGlobalSection
EndGlobal
